PODS:
  - Alamofire (4.8.0)
  - Emity (0.0.6)
  - Kingfisher (5.1.0)
  - lottie-ios (2.5.2)
  - Moya/Core (12.0.1):
    - Alamofire (~> 4.1)
    - Result (~> 4.0)
  - Moya/RxSwift (12.0.1):
    - Moya/Core
    - RxSwift (~> 4.0)
  - Result (4.1.0)
  - RxAtomic (4.4.0)
  - RxSwift (4.4.0):
    - RxAtomic (~> 4.4)
  - SkeletonView (1.4.1)

DEPENDENCIES:
  - Alamofire (~> 4.1)
  - Emity (~> 0.0.6)
  - Kingfisher (~> 5.1.0)
  - lottie-ios (~> 2.5.2)
  - Moya/RxSwift (= 12.0.1)
  - RxSwift (~> 4.4.0)
  - SkeletonView

SPEC REPOS:
  https://github.com/cocoapods/specs.git:
    - Alamofire
    - Emity
    - Kingfisher
    - lottie-ios
    - Moya
    - Result
    - RxAtomic
    - RxSwift
    - SkeletonView

SPEC CHECKSUMS:
  Alamofire: 3ec537f71edc9804815215393ae2b1a8ea33a844
  Emity: 156800ae8c522b96c7914a5879eb0955d0da429a
  Kingfisher: fcec238063d17404fca89bf0a850583211c4cbf6
  lottie-ios: 3fef45d3fabe63e3c7c2eb603dd64ddfffc73062
  Moya: cf730b3cd9e005401ef37a85143aa141a12fd38f
  Result: bd966fac789cc6c1563440b348ab2598cc24d5c7
  RxAtomic: eacf60db868c96bfd63320e28619fe29c179656f
  RxSwift: 5976ecd04fc2fefd648827c23de5e11157faa973
  SkeletonView: 60d6ce7edb0cb4c7758db33c74add50392b3c475

PODFILE CHECKSUM: 489d9530431c0a5cf30f8f42747e89f27d7cc103

COCOAPODS: 1.5.3
