// !$*UTF8*$!
{
	archiveVersion = 1;
	classes = {
	};
	objectVersion = 50;
	objects = {

/* Begin PBXBuildFile section */
		010095EF21E9222C00B9F143 /* LoadableViewController.swift in Sources */ = {isa = PBXBuildFile; fileRef = 010095EE21E9222C00B9F143 /* LoadableViewController.swift */; };
		010095F121E92C6E00B9F143 /* BaseView.swift in Sources */ = {isa = PBXBuildFile; fileRef = 010095F021E92C6E00B9F143 /* BaseView.swift */; };
		012404A421E168A8008A40F5 /* UIView.swift in Sources */ = {isa = PBXBuildFile; fileRef = 012404A321E168A8008A40F5 /* UIView.swift */; };
		012404A721E17FA6008A40F5 /* RoundButton.swift in Sources */ = {isa = PBXBuildFile; fileRef = 012404A621E17FA6008A40F5 /* RoundButton.swift */; };
		01376D7F21E9900B005EAC11 /* UICarCellView.swift in Sources */ = {isa = PBXBuildFile; fileRef = 01376D7E21E9900B005EAC11 /* UICarCellView.swift */; };
		01376D8121E9904A005EAC11 /* UICarCellView.xib in Resources */ = {isa = PBXBuildFile; fileRef = 01376D8021E9904A005EAC11 /* UICarCellView.xib */; };
		01494D5421E969F00025A4A4 /* EventEmitter.swift in Sources */ = {isa = PBXBuildFile; fileRef = 01494D5321E969F00025A4A4 /* EventEmitter.swift */; };
		01C16EC921E7BA8900DB4C88 /* BRQAPIService.swift in Sources */ = {isa = PBXBuildFile; fileRef = 01C16EC821E7BA8900DB4C88 /* BRQAPIService.swift */; };
		01C16ECB21E7BE7B00DB4C88 /* CarService.swift in Sources */ = {isa = PBXBuildFile; fileRef = 01C16ECA21E7BE7B00DB4C88 /* CarService.swift */; };
		01C16ECD21E7C5C200DB4C88 /* ServiceBase.swift in Sources */ = {isa = PBXBuildFile; fileRef = 01C16ECC21E7C5C200DB4C88 /* ServiceBase.swift */; };
		01C16ED121E7D96700DB4C88 /* CarListViewController.swift in Sources */ = {isa = PBXBuildFile; fileRef = 01C16ED021E7D96700DB4C88 /* CarListViewController.swift */; };
		01C16ED321E7D9CE00DB4C88 /* CarListPresenter.swift in Sources */ = {isa = PBXBuildFile; fileRef = 01C16ED221E7D9CE00DB4C88 /* CarListPresenter.swift */; };
		01C16ED621E7DAC100DB4C88 /* BasePresenter.swift in Sources */ = {isa = PBXBuildFile; fileRef = 01C16ED521E7DAC100DB4C88 /* BasePresenter.swift */; };
		01C16EDB21E900F100DB4C88 /* CarDetailViewController.swift in Sources */ = {isa = PBXBuildFile; fileRef = 01C16EDA21E900F100DB4C88 /* CarDetailViewController.swift */; };
		01C16EDD21E900FE00DB4C88 /* CarDetailPresenter.swift in Sources */ = {isa = PBXBuildFile; fileRef = 01C16EDC21E900FE00DB4C88 /* CarDetailPresenter.swift */; };
		02BF2609EA342D58F8244A7D /* Pods_CGShopUITests.framework in Frameworks */ = {isa = PBXBuildFile; fileRef = D3461CA62CFF47292F1C10AB /* Pods_CGShopUITests.framework */; };
		04011E7B20FF768B005C05C5 /* Exo-Bold.ttf in Resources */ = {isa = PBXBuildFile; fileRef = 04011E7720FF7689005C05C5 /* Exo-Bold.ttf */; };
		04011E7C20FF768B005C05C5 /* Exo-Regular.ttf in Resources */ = {isa = PBXBuildFile; fileRef = 04011E7820FF768A005C05C5 /* Exo-Regular.ttf */; };
		04011E7D20FF768B005C05C5 /* Exo-SemiBold.ttf in Resources */ = {isa = PBXBuildFile; fileRef = 04011E7920FF768A005C05C5 /* Exo-SemiBold.ttf */; };
		04011E7E20FF768B005C05C5 /* Exo-Light.ttf in Resources */ = {isa = PBXBuildFile; fileRef = 04011E7A20FF768A005C05C5 /* Exo-Light.ttf */; };
		04217D432100F9A70079226C /* Car.swift in Sources */ = {isa = PBXBuildFile; fileRef = 04217D422100F9A70079226C /* Car.swift */; };
		04217D4F21013C5F0079226C /* CarGridFlowLayout.swift in Sources */ = {isa = PBXBuildFile; fileRef = 04217D4E21013C5F0079226C /* CarGridFlowLayout.swift */; };
		04AB44F621025C7B00C5BC7C /* UIViewController.swift in Sources */ = {isa = PBXBuildFile; fileRef = 04AB44F521025C7B00C5BC7C /* UIViewController.swift */; };
		04BDAB1220FD2007002A1257 /* AppDelegate.swift in Sources */ = {isa = PBXBuildFile; fileRef = 04BDAB1120FD2007002A1257 /* AppDelegate.swift */; };
		04BDAB1B20FD2007002A1257 /* Main.storyboard in Resources */ = {isa = PBXBuildFile; fileRef = 04BDAB1920FD2007002A1257 /* Main.storyboard */; };
		04BDAB1D20FD200A002A1257 /* Assets.xcassets in Resources */ = {isa = PBXBuildFile; fileRef = 04BDAB1C20FD200A002A1257 /* Assets.xcassets */; };
		04BDAB2020FD200A002A1257 /* LaunchScreen.storyboard in Resources */ = {isa = PBXBuildFile; fileRef = 04BDAB1E20FD200A002A1257 /* LaunchScreen.storyboard */; };
		04BDAB2B20FD200A002A1257 /* CGShopTests.swift in Sources */ = {isa = PBXBuildFile; fileRef = 04BDAB2A20FD200A002A1257 /* CGShopTests.swift */; };
		04BDAB3620FD200A002A1257 /* CGShopUITests.swift in Sources */ = {isa = PBXBuildFile; fileRef = 04BDAB3520FD200A002A1257 /* CGShopUITests.swift */; };
		04F6790220FF9F1B00D43271 /* Constants.swift in Sources */ = {isa = PBXBuildFile; fileRef = 04F6790120FF9F1B00D43271 /* Constants.swift */; };
		6769D7D2A6A5C3D259EAD153 /* Pods_CGShopTests.framework in Frameworks */ = {isa = PBXBuildFile; fileRef = 152DB0769028C2D066F42E0C /* Pods_CGShopTests.framework */; };
		B369420E21F503F4909A0388 /* Pods_CGShop.framework in Frameworks */ = {isa = PBXBuildFile; fileRef = 31C282A36023B5537EB7BF5F /* Pods_CGShop.framework */; };
/* End PBXBuildFile section */

/* Begin PBXContainerItemProxy section */
		04BDAB2720FD200A002A1257 /* PBXContainerItemProxy */ = {
			isa = PBXContainerItemProxy;
			containerPortal = 04BDAB0620FD2007002A1257 /* Project object */;
			proxyType = 1;
			remoteGlobalIDString = 04BDAB0D20FD2007002A1257;
			remoteInfo = CGShop;
		};
		04BDAB3220FD200A002A1257 /* PBXContainerItemProxy */ = {
			isa = PBXContainerItemProxy;
			containerPortal = 04BDAB0620FD2007002A1257 /* Project object */;
			proxyType = 1;
			remoteGlobalIDString = 04BDAB0D20FD2007002A1257;
			remoteInfo = CGShop;
		};
/* End PBXContainerItemProxy section */

/* Begin PBXFileReference section */
		010095EE21E9222C00B9F143 /* LoadableViewController.swift */ = {isa = PBXFileReference; lastKnownFileType = sourcecode.swift; path = LoadableViewController.swift; sourceTree = "<group>"; };
		010095F021E92C6E00B9F143 /* BaseView.swift */ = {isa = PBXFileReference; lastKnownFileType = sourcecode.swift; path = BaseView.swift; sourceTree = "<group>"; };
		012404A321E168A8008A40F5 /* UIView.swift */ = {isa = PBXFileReference; lastKnownFileType = sourcecode.swift; path = UIView.swift; sourceTree = "<group>"; };
		012404A621E17FA6008A40F5 /* RoundButton.swift */ = {isa = PBXFileReference; lastKnownFileType = sourcecode.swift; path = RoundButton.swift; sourceTree = "<group>"; };
		01376D7E21E9900B005EAC11 /* UICarCellView.swift */ = {isa = PBXFileReference; lastKnownFileType = sourcecode.swift; path = UICarCellView.swift; sourceTree = "<group>"; };
		01376D8021E9904A005EAC11 /* UICarCellView.xib */ = {isa = PBXFileReference; fileEncoding = 4; lastKnownFileType = file.xib; path = UICarCellView.xib; sourceTree = "<group>"; };
		01494D5321E969F00025A4A4 /* EventEmitter.swift */ = {isa = PBXFileReference; lastKnownFileType = sourcecode.swift; path = EventEmitter.swift; sourceTree = "<group>"; };
		01C16EC821E7BA8900DB4C88 /* BRQAPIService.swift */ = {isa = PBXFileReference; lastKnownFileType = sourcecode.swift; path = BRQAPIService.swift; sourceTree = "<group>"; };
		01C16ECA21E7BE7B00DB4C88 /* CarService.swift */ = {isa = PBXFileReference; lastKnownFileType = sourcecode.swift; path = CarService.swift; sourceTree = "<group>"; };
		01C16ECC21E7C5C200DB4C88 /* ServiceBase.swift */ = {isa = PBXFileReference; lastKnownFileType = sourcecode.swift; path = ServiceBase.swift; sourceTree = "<group>"; };
		01C16ED021E7D96700DB4C88 /* CarListViewController.swift */ = {isa = PBXFileReference; lastKnownFileType = sourcecode.swift; path = CarListViewController.swift; sourceTree = "<group>"; };
		01C16ED221E7D9CE00DB4C88 /* CarListPresenter.swift */ = {isa = PBXFileReference; lastKnownFileType = sourcecode.swift; path = CarListPresenter.swift; sourceTree = "<group>"; };
		01C16ED521E7DAC100DB4C88 /* BasePresenter.swift */ = {isa = PBXFileReference; lastKnownFileType = sourcecode.swift; path = BasePresenter.swift; sourceTree = "<group>"; };
		01C16EDA21E900F100DB4C88 /* CarDetailViewController.swift */ = {isa = PBXFileReference; lastKnownFileType = sourcecode.swift; path = CarDetailViewController.swift; sourceTree = "<group>"; };
		01C16EDC21E900FE00DB4C88 /* CarDetailPresenter.swift */ = {isa = PBXFileReference; lastKnownFileType = sourcecode.swift; path = CarDetailPresenter.swift; sourceTree = "<group>"; };
		04011E7720FF7689005C05C5 /* Exo-Bold.ttf */ = {isa = PBXFileReference; lastKnownFileType = file; path = "Exo-Bold.ttf"; sourceTree = "<group>"; };
		04011E7820FF768A005C05C5 /* Exo-Regular.ttf */ = {isa = PBXFileReference; lastKnownFileType = file; path = "Exo-Regular.ttf"; sourceTree = "<group>"; };
		04011E7920FF768A005C05C5 /* Exo-SemiBold.ttf */ = {isa = PBXFileReference; lastKnownFileType = file; path = "Exo-SemiBold.ttf"; sourceTree = "<group>"; };
		04011E7A20FF768A005C05C5 /* Exo-Light.ttf */ = {isa = PBXFileReference; lastKnownFileType = file; path = "Exo-Light.ttf"; sourceTree = "<group>"; };
		04217D422100F9A70079226C /* Car.swift */ = {isa = PBXFileReference; lastKnownFileType = sourcecode.swift; path = Car.swift; sourceTree = "<group>"; };
		04217D4E21013C5F0079226C /* CarGridFlowLayout.swift */ = {isa = PBXFileReference; lastKnownFileType = sourcecode.swift; path = CarGridFlowLayout.swift; sourceTree = "<group>"; };
		04AB44F521025C7B00C5BC7C /* UIViewController.swift */ = {isa = PBXFileReference; lastKnownFileType = sourcecode.swift; path = UIViewController.swift; sourceTree = "<group>"; };
		04BDAB0E20FD2007002A1257 /* CGShop.app */ = {isa = PBXFileReference; explicitFileType = wrapper.application; includeInIndex = 0; path = CGShop.app; sourceTree = BUILT_PRODUCTS_DIR; };
		04BDAB1120FD2007002A1257 /* AppDelegate.swift */ = {isa = PBXFileReference; lastKnownFileType = sourcecode.swift; path = AppDelegate.swift; sourceTree = "<group>"; };
		04BDAB1A20FD2007002A1257 /* Base */ = {isa = PBXFileReference; lastKnownFileType = file.storyboard; name = Base; path = Base.lproj/Main.storyboard; sourceTree = "<group>"; };
		04BDAB1C20FD200A002A1257 /* Assets.xcassets */ = {isa = PBXFileReference; lastKnownFileType = folder.assetcatalog; path = Assets.xcassets; sourceTree = "<group>"; };
		04BDAB1F20FD200A002A1257 /* Base */ = {isa = PBXFileReference; lastKnownFileType = file.storyboard; name = Base; path = Base.lproj/LaunchScreen.storyboard; sourceTree = "<group>"; };
		04BDAB2120FD200A002A1257 /* Info.plist */ = {isa = PBXFileReference; lastKnownFileType = text.plist.xml; path = Info.plist; sourceTree = "<group>"; };
		04BDAB2620FD200A002A1257 /* CGShopTests.xctest */ = {isa = PBXFileReference; explicitFileType = wrapper.cfbundle; includeInIndex = 0; path = CGShopTests.xctest; sourceTree = BUILT_PRODUCTS_DIR; };
		04BDAB2A20FD200A002A1257 /* CGShopTests.swift */ = {isa = PBXFileReference; lastKnownFileType = sourcecode.swift; path = CGShopTests.swift; sourceTree = "<group>"; };
		04BDAB2C20FD200A002A1257 /* Info.plist */ = {isa = PBXFileReference; lastKnownFileType = text.plist.xml; path = Info.plist; sourceTree = "<group>"; };
		04BDAB3120FD200A002A1257 /* CGShopUITests.xctest */ = {isa = PBXFileReference; explicitFileType = wrapper.cfbundle; includeInIndex = 0; path = CGShopUITests.xctest; sourceTree = BUILT_PRODUCTS_DIR; };
		04BDAB3520FD200A002A1257 /* CGShopUITests.swift */ = {isa = PBXFileReference; lastKnownFileType = sourcecode.swift; path = CGShopUITests.swift; sourceTree = "<group>"; };
		04BDAB3720FD200A002A1257 /* Info.plist */ = {isa = PBXFileReference; lastKnownFileType = text.plist.xml; path = Info.plist; sourceTree = "<group>"; };
		04F6790120FF9F1B00D43271 /* Constants.swift */ = {isa = PBXFileReference; lastKnownFileType = sourcecode.swift; path = Constants.swift; sourceTree = "<group>"; };
		09210D6ABFB2188A8BAEDD3B /* Pods-CGShopTests.release.xcconfig */ = {isa = PBXFileReference; includeInIndex = 1; lastKnownFileType = text.xcconfig; name = "Pods-CGShopTests.release.xcconfig"; path = "Pods/Target Support Files/Pods-CGShopTests/Pods-CGShopTests.release.xcconfig"; sourceTree = "<group>"; };
		152DB0769028C2D066F42E0C /* Pods_CGShopTests.framework */ = {isa = PBXFileReference; explicitFileType = wrapper.framework; includeInIndex = 0; path = Pods_CGShopTests.framework; sourceTree = BUILT_PRODUCTS_DIR; };
		31C282A36023B5537EB7BF5F /* Pods_CGShop.framework */ = {isa = PBXFileReference; explicitFileType = wrapper.framework; includeInIndex = 0; path = Pods_CGShop.framework; sourceTree = BUILT_PRODUCTS_DIR; };
		66420DA105B9D671A7FE8BFF /* Pods-CGShopTests.debug.xcconfig */ = {isa = PBXFileReference; includeInIndex = 1; lastKnownFileType = text.xcconfig; name = "Pods-CGShopTests.debug.xcconfig"; path = "Pods/Target Support Files/Pods-CGShopTests/Pods-CGShopTests.debug.xcconfig"; sourceTree = "<group>"; };
		7D0058B23AF049210D964527 /* Pods-CGShopUITests.release.xcconfig */ = {isa = PBXFileReference; includeInIndex = 1; lastKnownFileType = text.xcconfig; name = "Pods-CGShopUITests.release.xcconfig"; path = "Pods/Target Support Files/Pods-CGShopUITests/Pods-CGShopUITests.release.xcconfig"; sourceTree = "<group>"; };
		85AB3F5C1D6DE04D5985745B /* Pods-CGShop.release.xcconfig */ = {isa = PBXFileReference; includeInIndex = 1; lastKnownFileType = text.xcconfig; name = "Pods-CGShop.release.xcconfig"; path = "Pods/Target Support Files/Pods-CGShop/Pods-CGShop.release.xcconfig"; sourceTree = "<group>"; };
		CEE1CF95A53A10125710199A /* Pods-CGShop.debug.xcconfig */ = {isa = PBXFileReference; includeInIndex = 1; lastKnownFileType = text.xcconfig; name = "Pods-CGShop.debug.xcconfig"; path = "Pods/Target Support Files/Pods-CGShop/Pods-CGShop.debug.xcconfig"; sourceTree = "<group>"; };
		D3461CA62CFF47292F1C10AB /* Pods_CGShopUITests.framework */ = {isa = PBXFileReference; explicitFileType = wrapper.framework; includeInIndex = 0; path = Pods_CGShopUITests.framework; sourceTree = BUILT_PRODUCTS_DIR; };
		DCD655C13047C0C757401833 /* Pods-CGShopUITests.debug.xcconfig */ = {isa = PBXFileReference; includeInIndex = 1; lastKnownFileType = text.xcconfig; name = "Pods-CGShopUITests.debug.xcconfig"; path = "Pods/Target Support Files/Pods-CGShopUITests/Pods-CGShopUITests.debug.xcconfig"; sourceTree = "<group>"; };
/* End PBXFileReference section */

/* Begin PBXFrameworksBuildPhase section */
		04BDAB0B20FD2007002A1257 /* Frameworks */ = {
			isa = PBXFrameworksBuildPhase;
			buildActionMask = 2147483647;
			files = (
				B369420E21F503F4909A0388 /* Pods_CGShop.framework in Frameworks */,
			);
			runOnlyForDeploymentPostprocessing = 0;
		};
		04BDAB2320FD200A002A1257 /* Frameworks */ = {
			isa = PBXFrameworksBuildPhase;
			buildActionMask = 2147483647;
			files = (
				6769D7D2A6A5C3D259EAD153 /* Pods_CGShopTests.framework in Frameworks */,
			);
			runOnlyForDeploymentPostprocessing = 0;
		};
		04BDAB2E20FD200A002A1257 /* Frameworks */ = {
			isa = PBXFrameworksBuildPhase;
			buildActionMask = 2147483647;
			files = (
				02BF2609EA342D58F8244A7D /* Pods_CGShopUITests.framework in Frameworks */,
			);
			runOnlyForDeploymentPostprocessing = 0;
		};
/* End PBXFrameworksBuildPhase section */

/* Begin PBXGroup section */
		0124049421DC1548008A40F5 /* Components */ = {
			isa = PBXGroup;
			children = (
				01376D7D21E98FF5005EAC11 /* UICarCellView */,
				012404A521E17F89008A40F5 /* RoundButton */,
			);
			path = Components;
			sourceTree = "<group>";
		};
		012404A521E17F89008A40F5 /* RoundButton */ = {
			isa = PBXGroup;
			children = (
				012404A621E17FA6008A40F5 /* RoundButton.swift */,
			);
			name = RoundButton;
			sourceTree = "<group>";
		};
		01376D7D21E98FF5005EAC11 /* UICarCellView */ = {
			isa = PBXGroup;
			children = (
				01376D8021E9904A005EAC11 /* UICarCellView.xib */,
				01376D7E21E9900B005EAC11 /* UICarCellView.swift */,
			);
			name = UICarCellView;
			sourceTree = "<group>";
		};
		01C16EC721E7BA6400DB4C88 /* APIManager */ = {
			isa = PBXGroup;
			children = (
				01C16EC821E7BA8900DB4C88 /* BRQAPIService.swift */,
			);
			path = APIManager;
			sourceTree = "<group>";
		};
		01C16ECE21E7D93000DB4C88 /* ViewPresenters */ = {
			isa = PBXGroup;
			children = (
				01C16ED921E9006200DB4C88 /* CarDetail */,
				01C16ECF21E7D94300DB4C88 /* CarList */,
			);
			path = ViewPresenters;
			sourceTree = "<group>";
		};
		01C16ECF21E7D94300DB4C88 /* CarList */ = {
			isa = PBXGroup;
			children = (
				01C16ED021E7D96700DB4C88 /* CarListViewController.swift */,
				01C16ED221E7D9CE00DB4C88 /* CarListPresenter.swift */,
			);
			path = CarList;
			sourceTree = "<group>";
		};
		01C16ED421E7DAA900DB4C88 /* Core */ = {
			isa = PBXGroup;
			children = (
				04217D4E21013C5F0079226C /* CarGridFlowLayout.swift */,
				01C16ED521E7DAC100DB4C88 /* BasePresenter.swift */,
				010095EE21E9222C00B9F143 /* LoadableViewController.swift */,
				010095F021E92C6E00B9F143 /* BaseView.swift */,
				01494D5321E969F00025A4A4 /* EventEmitter.swift */,
			);
			path = Core;
			sourceTree = "<group>";
		};
		01C16ED921E9006200DB4C88 /* CarDetail */ = {
			isa = PBXGroup;
			children = (
				01C16EDA21E900F100DB4C88 /* CarDetailViewController.swift */,
				01C16EDC21E900FE00DB4C88 /* CarDetailPresenter.swift */,
			);
			path = CarDetail;
			sourceTree = "<group>";
		};
		04011E7620FF7624005C05C5 /* fonts */ = {
			isa = PBXGroup;
			children = (
				04011E7720FF7689005C05C5 /* Exo-Bold.ttf */,
				04011E7A20FF768A005C05C5 /* Exo-Light.ttf */,
				04011E7820FF768A005C05C5 /* Exo-Regular.ttf */,
				04011E7920FF768A005C05C5 /* Exo-SemiBold.ttf */,
			);
			path = fonts;
			sourceTree = "<group>";
		};
		04BDAB0520FD2007002A1257 = {
			isa = PBXGroup;
			children = (
				04BDAB1020FD2007002A1257 /* CGShop */,
				04BDAB2920FD200A002A1257 /* CGShopTests */,
				04BDAB3420FD200A002A1257 /* CGShopUITests */,
				04BDAB0F20FD2007002A1257 /* Products */,
				C9D0A79610CFEFBD82F3F462 /* Pods */,
				08412AA9F3D3B159AC13C3D3 /* Frameworks */,
			);
			sourceTree = "<group>";
		};
		04BDAB0F20FD2007002A1257 /* Products */ = {
			isa = PBXGroup;
			children = (
				04BDAB0E20FD2007002A1257 /* CGShop.app */,
				04BDAB2620FD200A002A1257 /* CGShopTests.xctest */,
				04BDAB3120FD200A002A1257 /* CGShopUITests.xctest */,
			);
			name = Products;
			sourceTree = "<group>";
		};
		04BDAB1020FD2007002A1257 /* CGShop */ = {
			isa = PBXGroup;
			children = (
				01C16ECE21E7D93000DB4C88 /* ViewPresenters */,
				01C16ED421E7DAA900DB4C88 /* Core */,
				01C16EC721E7BA6400DB4C88 /* APIManager */,
				0124049421DC1548008A40F5 /* Components */,
				8467388921003DF100823B79 /* Extensions */,
				8467388721003DB900823B79 /* Services */,
				04011E7620FF7624005C05C5 /* fonts */,
				84A4609720FE5E3F0026AA99 /* Models */,
				04BDAB1120FD2007002A1257 /* AppDelegate.swift */,
				04BDAB1920FD2007002A1257 /* Main.storyboard */,
				04BDAB1C20FD200A002A1257 /* Assets.xcassets */,
				04BDAB1E20FD200A002A1257 /* LaunchScreen.storyboard */,
				04BDAB2120FD200A002A1257 /* Info.plist */,
				04F6790120FF9F1B00D43271 /* Constants.swift */,
			);
			path = CGShop;
			sourceTree = "<group>";
		};
		04BDAB2920FD200A002A1257 /* CGShopTests */ = {
			isa = PBXGroup;
			children = (
				04BDAB2A20FD200A002A1257 /* CGShopTests.swift */,
				04BDAB2C20FD200A002A1257 /* Info.plist */,
			);
			path = CGShopTests;
			sourceTree = "<group>";
		};
		04BDAB3420FD200A002A1257 /* CGShopUITests */ = {
			isa = PBXGroup;
			children = (
				04BDAB3520FD200A002A1257 /* CGShopUITests.swift */,
				04BDAB3720FD200A002A1257 /* Info.plist */,
			);
			path = CGShopUITests;
			sourceTree = "<group>";
		};
		08412AA9F3D3B159AC13C3D3 /* Frameworks */ = {
			isa = PBXGroup;
			children = (
				31C282A36023B5537EB7BF5F /* Pods_CGShop.framework */,
				152DB0769028C2D066F42E0C /* Pods_CGShopTests.framework */,
				D3461CA62CFF47292F1C10AB /* Pods_CGShopUITests.framework */,
			);
			name = Frameworks;
			sourceTree = "<group>";
		};
		8467388721003DB900823B79 /* Services */ = {
			isa = PBXGroup;
			children = (
				01C16ECA21E7BE7B00DB4C88 /* CarService.swift */,
				01C16ECC21E7C5C200DB4C88 /* ServiceBase.swift */,
			);
			path = Services;
			sourceTree = "<group>";
		};
		8467388921003DF100823B79 /* Extensions */ = {
			isa = PBXGroup;
			children = (
				04AB44F521025C7B00C5BC7C /* UIViewController.swift */,
				012404A321E168A8008A40F5 /* UIView.swift */,
			);
			path = Extensions;
			sourceTree = "<group>";
		};
		84A4609720FE5E3F0026AA99 /* Models */ = {
			isa = PBXGroup;
			children = (
				04217D422100F9A70079226C /* Car.swift */,
			);
			path = Models;
			sourceTree = "<group>";
		};
		C9D0A79610CFEFBD82F3F462 /* Pods */ = {
			isa = PBXGroup;
			children = (
				CEE1CF95A53A10125710199A /* Pods-CGShop.debug.xcconfig */,
				85AB3F5C1D6DE04D5985745B /* Pods-CGShop.release.xcconfig */,
				66420DA105B9D671A7FE8BFF /* Pods-CGShopTests.debug.xcconfig */,
				09210D6ABFB2188A8BAEDD3B /* Pods-CGShopTests.release.xcconfig */,
				DCD655C13047C0C757401833 /* Pods-CGShopUITests.debug.xcconfig */,
				7D0058B23AF049210D964527 /* Pods-CGShopUITests.release.xcconfig */,
			);
			name = Pods;
			sourceTree = "<group>";
		};
/* End PBXGroup section */

/* Begin PBXNativeTarget section */
		04BDAB0D20FD2007002A1257 /* CGShop */ = {
			isa = PBXNativeTarget;
			buildConfigurationList = 04BDAB3A20FD200A002A1257 /* Build configuration list for PBXNativeTarget "CGShop" */;
			buildPhases = (
				652EF56FFC21A60A12838666 /* [CP] Check Pods Manifest.lock */,
				04BDAB0A20FD2007002A1257 /* Sources */,
				04BDAB0B20FD2007002A1257 /* Frameworks */,
				04BDAB0C20FD2007002A1257 /* Resources */,
				F79905FBCED0E8BE059E3AEF /* [CP] Embed Pods Frameworks */,
			);
			buildRules = (
			);
			dependencies = (
			);
			name = CGShop;
			productName = CGShop;
			productReference = 04BDAB0E20FD2007002A1257 /* CGShop.app */;
			productType = "com.apple.product-type.application";
		};
		04BDAB2520FD200A002A1257 /* CGShopTests */ = {
			isa = PBXNativeTarget;
			buildConfigurationList = 04BDAB3D20FD200A002A1257 /* Build configuration list for PBXNativeTarget "CGShopTests" */;
			buildPhases = (
				43246DC4C1E80A38121576E6 /* [CP] Check Pods Manifest.lock */,
				04BDAB2220FD200A002A1257 /* Sources */,
				04BDAB2320FD200A002A1257 /* Frameworks */,
				04BDAB2420FD200A002A1257 /* Resources */,
			);
			buildRules = (
			);
			dependencies = (
				04BDAB2820FD200A002A1257 /* PBXTargetDependency */,
			);
			name = CGShopTests;
			productName = CGShopTests;
			productReference = 04BDAB2620FD200A002A1257 /* CGShopTests.xctest */;
			productType = "com.apple.product-type.bundle.unit-test";
		};
		04BDAB3020FD200A002A1257 /* CGShopUITests */ = {
			isa = PBXNativeTarget;
			buildConfigurationList = 04BDAB4020FD200A002A1257 /* Build configuration list for PBXNativeTarget "CGShopUITests" */;
			buildPhases = (
				3F0D6A28E6A48CFF56C70A07 /* [CP] Check Pods Manifest.lock */,
				04BDAB2D20FD200A002A1257 /* Sources */,
				04BDAB2E20FD200A002A1257 /* Frameworks */,
				04BDAB2F20FD200A002A1257 /* Resources */,
			);
			buildRules = (
			);
			dependencies = (
				04BDAB3320FD200A002A1257 /* PBXTargetDependency */,
			);
			name = CGShopUITests;
			productName = CGShopUITests;
			productReference = 04BDAB3120FD200A002A1257 /* CGShopUITests.xctest */;
			productType = "com.apple.product-type.bundle.ui-testing";
		};
/* End PBXNativeTarget section */

/* Begin PBXProject section */
		04BDAB0620FD2007002A1257 /* Project object */ = {
			isa = PBXProject;
			attributes = {
				LastSwiftUpdateCheck = 0940;
				LastUpgradeCheck = 0940;
				ORGANIZATIONNAME = cg;
				TargetAttributes = {
					04BDAB0D20FD2007002A1257 = {
						CreatedOnToolsVersion = 9.4;
						LastSwiftMigration = 1010;
					};
					04BDAB2520FD200A002A1257 = {
						CreatedOnToolsVersion = 9.4;
						LastSwiftMigration = 1010;
						TestTargetID = 04BDAB0D20FD2007002A1257;
					};
					04BDAB3020FD200A002A1257 = {
						CreatedOnToolsVersion = 9.4;
						LastSwiftMigration = 1010;
						TestTargetID = 04BDAB0D20FD2007002A1257;
					};
				};
			};
			buildConfigurationList = 04BDAB0920FD2007002A1257 /* Build configuration list for PBXProject "CGShop" */;
			compatibilityVersion = "Xcode 9.3";
			developmentRegion = en;
			hasScannedForEncodings = 0;
			knownRegions = (
				en,
				Base,
			);
			mainGroup = 04BDAB0520FD2007002A1257;
			productRefGroup = 04BDAB0F20FD2007002A1257 /* Products */;
			projectDirPath = "";
			projectRoot = "";
			targets = (
				04BDAB0D20FD2007002A1257 /* CGShop */,
				04BDAB2520FD200A002A1257 /* CGShopTests */,
				04BDAB3020FD200A002A1257 /* CGShopUITests */,
			);
		};
/* End PBXProject section */

/* Begin PBXResourcesBuildPhase section */
		04BDAB0C20FD2007002A1257 /* Resources */ = {
			isa = PBXResourcesBuildPhase;
			buildActionMask = 2147483647;
			files = (
				04011E7C20FF768B005C05C5 /* Exo-Regular.ttf in Resources */,
				01376D8121E9904A005EAC11 /* UICarCellView.xib in Resources */,
				04BDAB2020FD200A002A1257 /* LaunchScreen.storyboard in Resources */,
				04011E7D20FF768B005C05C5 /* Exo-SemiBold.ttf in Resources */,
				04BDAB1D20FD200A002A1257 /* Assets.xcassets in Resources */,
				04011E7B20FF768B005C05C5 /* Exo-Bold.ttf in Resources */,
				04BDAB1B20FD2007002A1257 /* Main.storyboard in Resources */,
				04011E7E20FF768B005C05C5 /* Exo-Light.ttf in Resources */,
			);
			runOnlyForDeploymentPostprocessing = 0;
		};
		04BDAB2420FD200A002A1257 /* Resources */ = {
			isa = PBXResourcesBuildPhase;
			buildActionMask = 2147483647;
			files = (
			);
			runOnlyForDeploymentPostprocessing = 0;
		};
		04BDAB2F20FD200A002A1257 /* Resources */ = {
			isa = PBXResourcesBuildPhase;
			buildActionMask = 2147483647;
			files = (
			);
			runOnlyForDeploymentPostprocessing = 0;
		};
/* End PBXResourcesBuildPhase section */

/* Begin PBXShellScriptBuildPhase section */
		3F0D6A28E6A48CFF56C70A07 /* [CP] Check Pods Manifest.lock */ = {
			isa = PBXShellScriptBuildPhase;
			buildActionMask = 2147483647;
			files = (
			);
			inputPaths = (
				"${PODS_PODFILE_DIR_PATH}/Podfile.lock",
				"${PODS_ROOT}/Manifest.lock",
			);
			name = "[CP] Check Pods Manifest.lock";
			outputPaths = (
				"$(DERIVED_FILE_DIR)/Pods-CGShopUITests-checkManifestLockResult.txt",
			);
			runOnlyForDeploymentPostprocessing = 0;
			shellPath = /bin/sh;
			shellScript = "diff \"${PODS_PODFILE_DIR_PATH}/Podfile.lock\" \"${PODS_ROOT}/Manifest.lock\" > /dev/null\nif [ $? != 0 ] ; then\n    # print error to STDERR\n    echo \"error: The sandbox is not in sync with the Podfile.lock. Run 'pod install' or update your CocoaPods installation.\" >&2\n    exit 1\nfi\n# This output is used by Xcode 'outputs' to avoid re-running this script phase.\necho \"SUCCESS\" > \"${SCRIPT_OUTPUT_FILE_0}\"\n";
			showEnvVarsInLog = 0;
		};
		43246DC4C1E80A38121576E6 /* [CP] Check Pods Manifest.lock */ = {
			isa = PBXShellScriptBuildPhase;
			buildActionMask = 2147483647;
			files = (
			);
			inputPaths = (
				"${PODS_PODFILE_DIR_PATH}/Podfile.lock",
				"${PODS_ROOT}/Manifest.lock",
			);
			name = "[CP] Check Pods Manifest.lock";
			outputPaths = (
				"$(DERIVED_FILE_DIR)/Pods-CGShopTests-checkManifestLockResult.txt",
			);
			runOnlyForDeploymentPostprocessing = 0;
			shellPath = /bin/sh;
			shellScript = "diff \"${PODS_PODFILE_DIR_PATH}/Podfile.lock\" \"${PODS_ROOT}/Manifest.lock\" > /dev/null\nif [ $? != 0 ] ; then\n    # print error to STDERR\n    echo \"error: The sandbox is not in sync with the Podfile.lock. Run 'pod install' or update your CocoaPods installation.\" >&2\n    exit 1\nfi\n# This output is used by Xcode 'outputs' to avoid re-running this script phase.\necho \"SUCCESS\" > \"${SCRIPT_OUTPUT_FILE_0}\"\n";
			showEnvVarsInLog = 0;
		};
		652EF56FFC21A60A12838666 /* [CP] Check Pods Manifest.lock */ = {
			isa = PBXShellScriptBuildPhase;
			buildActionMask = 2147483647;
			files = (
			);
			inputPaths = (
				"${PODS_PODFILE_DIR_PATH}/Podfile.lock",
				"${PODS_ROOT}/Manifest.lock",
			);
			name = "[CP] Check Pods Manifest.lock";
			outputPaths = (
				"$(DERIVED_FILE_DIR)/Pods-CGShop-checkManifestLockResult.txt",
			);
			runOnlyForDeploymentPostprocessing = 0;
			shellPath = /bin/sh;
			shellScript = "diff \"${PODS_PODFILE_DIR_PATH}/Podfile.lock\" \"${PODS_ROOT}/Manifest.lock\" > /dev/null\nif [ $? != 0 ] ; then\n    # print error to STDERR\n    echo \"error: The sandbox is not in sync with the Podfile.lock. Run 'pod install' or update your CocoaPods installation.\" >&2\n    exit 1\nfi\n# This output is used by Xcode 'outputs' to avoid re-running this script phase.\necho \"SUCCESS\" > \"${SCRIPT_OUTPUT_FILE_0}\"\n";
			showEnvVarsInLog = 0;
		};
		F79905FBCED0E8BE059E3AEF /* [CP] Embed Pods Frameworks */ = {
			isa = PBXShellScriptBuildPhase;
			buildActionMask = 2147483647;
			files = (
			);
			inputPaths = (
				"${SRCROOT}/Pods/Target Support Files/Pods-CGShop/Pods-CGShop-frameworks.sh",
				"${BUILT_PRODUCTS_DIR}/Alamofire/Alamofire.framework",
				"${BUILT_PRODUCTS_DIR}/Kingfisher/Kingfisher.framework",
				"${BUILT_PRODUCTS_DIR}/Moya/Moya.framework",
				"${BUILT_PRODUCTS_DIR}/Result/Result.framework",
				"${BUILT_PRODUCTS_DIR}/RxSwift/RxSwift.framework",
				"${BUILT_PRODUCTS_DIR}/SkeletonView/SkeletonView.framework",
				"${BUILT_PRODUCTS_DIR}/lottie-ios/Lottie.framework",
			);
			name = "[CP] Embed Pods Frameworks";
			outputPaths = (
				"${TARGET_BUILD_DIR}/${FRAMEWORKS_FOLDER_PATH}/Alamofire.framework",
				"${TARGET_BUILD_DIR}/${FRAMEWORKS_FOLDER_PATH}/Kingfisher.framework",
				"${TARGET_BUILD_DIR}/${FRAMEWORKS_FOLDER_PATH}/Moya.framework",
				"${TARGET_BUILD_DIR}/${FRAMEWORKS_FOLDER_PATH}/Result.framework",
				"${TARGET_BUILD_DIR}/${FRAMEWORKS_FOLDER_PATH}/RxSwift.framework",
				"${TARGET_BUILD_DIR}/${FRAMEWORKS_FOLDER_PATH}/SkeletonView.framework",
				"${TARGET_BUILD_DIR}/${FRAMEWORKS_FOLDER_PATH}/Lottie.framework",
			);
			runOnlyForDeploymentPostprocessing = 0;
			shellPath = /bin/sh;
			shellScript = "\"${SRCROOT}/Pods/Target Support Files/Pods-CGShop/Pods-CGShop-frameworks.sh\"\n";
			showEnvVarsInLog = 0;
		};
/* End PBXShellScriptBuildPhase section */

/* Begin PBXSourcesBuildPhase section */
		04BDAB0A20FD2007002A1257 /* Sources */ = {
			isa = PBXSourcesBuildPhase;
			buildActionMask = 2147483647;
			files = (
				01C16EC921E7BA8900DB4C88 /* BRQAPIService.swift in Sources */,
				04F6790220FF9F1B00D43271 /* Constants.swift in Sources */,
				01C16ED121E7D96700DB4C88 /* CarListViewController.swift in Sources */,
				01376D7F21E9900B005EAC11 /* UICarCellView.swift in Sources */,
				01C16ECB21E7BE7B00DB4C88 /* CarService.swift in Sources */,
				01C16ECD21E7C5C200DB4C88 /* ServiceBase.swift in Sources */,
				01494D5421E969F00025A4A4 /* EventEmitter.swift in Sources */,
				04217D4F21013C5F0079226C /* CarGridFlowLayout.swift in Sources */,
				04217D432100F9A70079226C /* Car.swift in Sources */,
				010095EF21E9222C00B9F143 /* LoadableViewController.swift in Sources */,
				012404A421E168A8008A40F5 /* UIView.swift in Sources */,
				01C16EDD21E900FE00DB4C88 /* CarDetailPresenter.swift in Sources */,
				01C16EDB21E900F100DB4C88 /* CarDetailViewController.swift in Sources */,
				01C16ED321E7D9CE00DB4C88 /* CarListPresenter.swift in Sources */,
				01C16ED621E7DAC100DB4C88 /* BasePresenter.swift in Sources */,
				012404A721E17FA6008A40F5 /* RoundButton.swift in Sources */,
				010095F121E92C6E00B9F143 /* BaseView.swift in Sources */,
				04AB44F621025C7B00C5BC7C /* UIViewController.swift in Sources */,
				04BDAB1220FD2007002A1257 /* AppDelegate.swift in Sources */,
			);
			runOnlyForDeploymentPostprocessing = 0;
		};
		04BDAB2220FD200A002A1257 /* Sources */ = {
			isa = PBXSourcesBuildPhase;
			buildActionMask = 2147483647;
			files = (
				04BDAB2B20FD200A002A1257 /* CGShopTests.swift in Sources */,
			);
			runOnlyForDeploymentPostprocessing = 0;
		};
		04BDAB2D20FD200A002A1257 /* Sources */ = {
			isa = PBXSourcesBuildPhase;
			buildActionMask = 2147483647;
			files = (
				04BDAB3620FD200A002A1257 /* CGShopUITests.swift in Sources */,
			);
			runOnlyForDeploymentPostprocessing = 0;
		};
/* End PBXSourcesBuildPhase section */

/* Begin PBXTargetDependency section */
		04BDAB2820FD200A002A1257 /* PBXTargetDependency */ = {
			isa = PBXTargetDependency;
			target = 04BDAB0D20FD2007002A1257 /* CGShop */;
			targetProxy = 04BDAB2720FD200A002A1257 /* PBXContainerItemProxy */;
		};
		04BDAB3320FD200A002A1257 /* PBXTargetDependency */ = {
			isa = PBXTargetDependency;
			target = 04BDAB0D20FD2007002A1257 /* CGShop */;
			targetProxy = 04BDAB3220FD200A002A1257 /* PBXContainerItemProxy */;
		};
/* End PBXTargetDependency section */

/* Begin PBXVariantGroup section */
		04BDAB1920FD2007002A1257 /* Main.storyboard */ = {
			isa = PBXVariantGroup;
			children = (
				04BDAB1A20FD2007002A1257 /* Base */,
			);
			name = Main.storyboard;
			sourceTree = "<group>";
		};
		04BDAB1E20FD200A002A1257 /* LaunchScreen.storyboard */ = {
			isa = PBXVariantGroup;
			children = (
				04BDAB1F20FD200A002A1257 /* Base */,
			);
			name = LaunchScreen.storyboard;
			sourceTree = "<group>";
		};
/* End PBXVariantGroup section */

/* Begin XCBuildConfiguration section */
		04BDAB3820FD200A002A1257 /* Debug */ = {
			isa = XCBuildConfiguration;
			buildSettings = {
				ALWAYS_SEARCH_USER_PATHS = NO;
				CLANG_ANALYZER_NONNULL = YES;
				CLANG_ANALYZER_NUMBER_OBJECT_CONVERSION = YES_AGGRESSIVE;
				CLANG_CXX_LANGUAGE_STANDARD = "gnu++14";
				CLANG_CXX_LIBRARY = "libc++";
				CLANG_ENABLE_MODULES = YES;
				CLANG_ENABLE_OBJC_ARC = YES;
				CLANG_ENABLE_OBJC_WEAK = YES;
				CLANG_WARN_BLOCK_CAPTURE_AUTORELEASING = YES;
				CLANG_WARN_BOOL_CONVERSION = YES;
				CLANG_WARN_COMMA = YES;
				CLANG_WARN_CONSTANT_CONVERSION = YES;
				CLANG_WARN_DEPRECATED_OBJC_IMPLEMENTATIONS = YES;
				CLANG_WARN_DIRECT_OBJC_ISA_USAGE = YES_ERROR;
				CLANG_WARN_DOCUMENTATION_COMMENTS = YES;
				CLANG_WARN_EMPTY_BODY = YES;
				CLANG_WARN_ENUM_CONVERSION = YES;
				CLANG_WARN_INFINITE_RECURSION = YES;
				CLANG_WARN_INT_CONVERSION = YES;
				CLANG_WARN_NON_LITERAL_NULL_CONVERSION = YES;
				CLANG_WARN_OBJC_IMPLICIT_RETAIN_SELF = YES;
				CLANG_WARN_OBJC_LITERAL_CONVERSION = YES;
				CLANG_WARN_OBJC_ROOT_CLASS = YES_ERROR;
				CLANG_WARN_RANGE_LOOP_ANALYSIS = YES;
				CLANG_WARN_STRICT_PROTOTYPES = YES;
				CLANG_WARN_SUSPICIOUS_MOVE = YES;
				CLANG_WARN_UNGUARDED_AVAILABILITY = YES_AGGRESSIVE;
				CLANG_WARN_UNREACHABLE_CODE = YES;
				CLANG_WARN__DUPLICATE_METHOD_MATCH = YES;
				CODE_SIGN_IDENTITY = "iPhone Developer";
				COPY_PHASE_STRIP = NO;
				DEBUG_INFORMATION_FORMAT = dwarf;
				ENABLE_STRICT_OBJC_MSGSEND = YES;
				ENABLE_TESTABILITY = YES;
				GCC_C_LANGUAGE_STANDARD = gnu11;
				GCC_DYNAMIC_NO_PIC = NO;
				GCC_NO_COMMON_BLOCKS = YES;
				GCC_OPTIMIZATION_LEVEL = 0;
				GCC_PREPROCESSOR_DEFINITIONS = (
					"DEBUG=1",
					"$(inherited)",
				);
				GCC_WARN_64_TO_32_BIT_CONVERSION = YES;
				GCC_WARN_ABOUT_RETURN_TYPE = YES_ERROR;
				GCC_WARN_UNDECLARED_SELECTOR = YES;
				GCC_WARN_UNINITIALIZED_AUTOS = YES_AGGRESSIVE;
				GCC_WARN_UNUSED_FUNCTION = YES;
				GCC_WARN_UNUSED_VARIABLE = YES;
				IPHONEOS_DEPLOYMENT_TARGET = 11.4;
				MTL_ENABLE_DEBUG_INFO = YES;
				ONLY_ACTIVE_ARCH = YES;
				SDKROOT = iphoneos;
				SWIFT_ACTIVE_COMPILATION_CONDITIONS = DEBUG;
				SWIFT_OPTIMIZATION_LEVEL = "-Onone";
			};
			name = Debug;
		};
		04BDAB3920FD200A002A1257 /* Release */ = {
			isa = XCBuildConfiguration;
			buildSettings = {
				ALWAYS_SEARCH_USER_PATHS = NO;
				CLANG_ANALYZER_NONNULL = YES;
				CLANG_ANALYZER_NUMBER_OBJECT_CONVERSION = YES_AGGRESSIVE;
				CLANG_CXX_LANGUAGE_STANDARD = "gnu++14";
				CLANG_CXX_LIBRARY = "libc++";
				CLANG_ENABLE_MODULES = YES;
				CLANG_ENABLE_OBJC_ARC = YES;
				CLANG_ENABLE_OBJC_WEAK = YES;
				CLANG_WARN_BLOCK_CAPTURE_AUTORELEASING = YES;
				CLANG_WARN_BOOL_CONVERSION = YES;
				CLANG_WARN_COMMA = YES;
				CLANG_WARN_CONSTANT_CONVERSION = YES;
				CLANG_WARN_DEPRECATED_OBJC_IMPLEMENTATIONS = YES;
				CLANG_WARN_DIRECT_OBJC_ISA_USAGE = YES_ERROR;
				CLANG_WARN_DOCUMENTATION_COMMENTS = YES;
				CLANG_WARN_EMPTY_BODY = YES;
				CLANG_WARN_ENUM_CONVERSION = YES;
				CLANG_WARN_INFINITE_RECURSION = YES;
				CLANG_WARN_INT_CONVERSION = YES;
				CLANG_WARN_NON_LITERAL_NULL_CONVERSION = YES;
				CLANG_WARN_OBJC_IMPLICIT_RETAIN_SELF = YES;
				CLANG_WARN_OBJC_LITERAL_CONVERSION = YES;
				CLANG_WARN_OBJC_ROOT_CLASS = YES_ERROR;
				CLANG_WARN_RANGE_LOOP_ANALYSIS = YES;
				CLANG_WARN_STRICT_PROTOTYPES = YES;
				CLANG_WARN_SUSPICIOUS_MOVE = YES;
				CLANG_WARN_UNGUARDED_AVAILABILITY = YES_AGGRESSIVE;
				CLANG_WARN_UNREACHABLE_CODE = YES;
				CLANG_WARN__DUPLICATE_METHOD_MATCH = YES;
				CODE_SIGN_IDENTITY = "iPhone Developer";
				COPY_PHASE_STRIP = NO;
				DEBUG_INFORMATION_FORMAT = "dwarf-with-dsym";
				ENABLE_NS_ASSERTIONS = NO;
				ENABLE_STRICT_OBJC_MSGSEND = YES;
				GCC_C_LANGUAGE_STANDARD = gnu11;
				GCC_NO_COMMON_BLOCKS = YES;
				GCC_WARN_64_TO_32_BIT_CONVERSION = YES;
				GCC_WARN_ABOUT_RETURN_TYPE = YES_ERROR;
				GCC_WARN_UNDECLARED_SELECTOR = YES;
				GCC_WARN_UNINITIALIZED_AUTOS = YES_AGGRESSIVE;
				GCC_WARN_UNUSED_FUNCTION = YES;
				GCC_WARN_UNUSED_VARIABLE = YES;
				IPHONEOS_DEPLOYMENT_TARGET = 11.4;
				MTL_ENABLE_DEBUG_INFO = NO;
				SDKROOT = iphoneos;
				SWIFT_COMPILATION_MODE = wholemodule;
				SWIFT_OPTIMIZATION_LEVEL = "-O";
				VALIDATE_PRODUCT = YES;
			};
			name = Release;
		};
		04BDAB3B20FD200A002A1257 /* Debug */ = {
			isa = XCBuildConfiguration;
			baseConfigurationReference = CEE1CF95A53A10125710199A /* Pods-CGShop.debug.xcconfig */;
			buildSettings = {
				ASSETCATALOG_COMPILER_APPICON_NAME = AppIcon;
				CODE_SIGN_STYLE = Automatic;
				DEVELOPMENT_TEAM = UEDMTC57NN;
				INFOPLIST_FILE = CGShop/Info.plist;
				LD_RUNPATH_SEARCH_PATHS = (
					"$(inherited)",
					"@executable_path/Frameworks",
				);
				PRODUCT_BUNDLE_IDENTIFIER = br.com.cg.CGShop;
				PRODUCT_NAME = "$(TARGET_NAME)";
				SWIFT_VERSION = 4.2;
				TARGETED_DEVICE_FAMILY = "1,2";
			};
			name = Debug;
		};
		04BDAB3C20FD200A002A1257 /* Release */ = {
			isa = XCBuildConfiguration;
			baseConfigurationReference = 85AB3F5C1D6DE04D5985745B /* Pods-CGShop.release.xcconfig */;
			buildSettings = {
				ASSETCATALOG_COMPILER_APPICON_NAME = AppIcon;
				CODE_SIGN_STYLE = Automatic;
				DEVELOPMENT_TEAM = UEDMTC57NN;
				INFOPLIST_FILE = CGShop/Info.plist;
				LD_RUNPATH_SEARCH_PATHS = (
					"$(inherited)",
					"@executable_path/Frameworks",
				);
				PRODUCT_BUNDLE_IDENTIFIER = br.com.cg.CGShop;
				PRODUCT_NAME = "$(TARGET_NAME)";
				SWIFT_VERSION = 4.2;
				TARGETED_DEVICE_FAMILY = "1,2";
			};
			name = Release;
		};
		04BDAB3E20FD200A002A1257 /* Debug */ = {
			isa = XCBuildConfiguration;
			baseConfigurationReference = 66420DA105B9D671A7FE8BFF /* Pods-CGShopTests.debug.xcconfig */;
			buildSettings = {
				ALWAYS_EMBED_SWIFT_STANDARD_LIBRARIES = YES;
				BUNDLE_LOADER = "$(TEST_HOST)";
				CODE_SIGN_STYLE = Automatic;
				INFOPLIST_FILE = CGShopTests/Info.plist;
				LD_RUNPATH_SEARCH_PATHS = (
					"$(inherited)",
					"@executable_path/Frameworks",
					"@loader_path/Frameworks",
				);
				PRODUCT_BUNDLE_IDENTIFIER = br.com.cg.CGShopTests;
				PRODUCT_NAME = "$(TARGET_NAME)";
				SWIFT_VERSION = 4.2;
				TARGETED_DEVICE_FAMILY = "1,2";
				TEST_HOST = "$(BUILT_PRODUCTS_DIR)/CGShop.app/CGShop";
			};
			name = Debug;
		};
		04BDAB3F20FD200A002A1257 /* Release */ = {
			isa = XCBuildConfiguration;
			baseConfigurationReference = 09210D6ABFB2188A8BAEDD3B /* Pods-CGShopTests.release.xcconfig */;
			buildSettings = {
				ALWAYS_EMBED_SWIFT_STANDARD_LIBRARIES = YES;
				BUNDLE_LOADER = "$(TEST_HOST)";
				CODE_SIGN_STYLE = Automatic;
				INFOPLIST_FILE = CGShopTests/Info.plist;
				LD_RUNPATH_SEARCH_PATHS = (
					"$(inherited)",
					"@executable_path/Frameworks",
					"@loader_path/Frameworks",
				);
				PRODUCT_BUNDLE_IDENTIFIER = br.com.cg.CGShopTests;
				PRODUCT_NAME = "$(TARGET_NAME)";
				SWIFT_VERSION = 4.2;
				TARGETED_DEVICE_FAMILY = "1,2";
				TEST_HOST = "$(BUILT_PRODUCTS_DIR)/CGShop.app/CGShop";
			};
			name = Release;
		};
		04BDAB4120FD200A002A1257 /* Debug */ = {
			isa = XCBuildConfiguration;
			baseConfigurationReference = DCD655C13047C0C757401833 /* Pods-CGShopUITests.debug.xcconfig */;
			buildSettings = {
				ALWAYS_EMBED_SWIFT_STANDARD_LIBRARIES = YES;
				CODE_SIGN_STYLE = Automatic;
				INFOPLIST_FILE = CGShopUITests/Info.plist;
				LD_RUNPATH_SEARCH_PATHS = (
					"$(inherited)",
					"@executable_path/Frameworks",
					"@loader_path/Frameworks",
				);
				PRODUCT_BUNDLE_IDENTIFIER = br.com.cg.CGShopUITests;
				PRODUCT_NAME = "$(TARGET_NAME)";
				SWIFT_VERSION = 4.2;
				TARGETED_DEVICE_FAMILY = "1,2";
				TEST_TARGET_NAME = CGShop;
			};
			name = Debug;
		};
		04BDAB4220FD200A002A1257 /* Release */ = {
			isa = XCBuildConfiguration;
			baseConfigurationReference = 7D0058B23AF049210D964527 /* Pods-CGShopUITests.release.xcconfig */;
			buildSettings = {
				ALWAYS_EMBED_SWIFT_STANDARD_LIBRARIES = YES;
				CODE_SIGN_STYLE = Automatic;
				INFOPLIST_FILE = CGShopUITests/Info.plist;
				LD_RUNPATH_SEARCH_PATHS = (
					"$(inherited)",
					"@executable_path/Frameworks",
					"@loader_path/Frameworks",
				);
				PRODUCT_BUNDLE_IDENTIFIER = br.com.cg.CGShopUITests;
				PRODUCT_NAME = "$(TARGET_NAME)";
				SWIFT_VERSION = 4.2;
				TARGETED_DEVICE_FAMILY = "1,2";
				TEST_TARGET_NAME = CGShop;
			};
			name = Release;
		};
/* End XCBuildConfiguration section */

/* Begin XCConfigurationList section */
		04BDAB0920FD2007002A1257 /* Build configuration list for PBXProject "CGShop" */ = {
			isa = XCConfigurationList;
			buildConfigurations = (
				04BDAB3820FD200A002A1257 /* Debug */,
				04BDAB3920FD200A002A1257 /* Release */,
			);
			defaultConfigurationIsVisible = 0;
			defaultConfigurationName = Release;
		};
		04BDAB3A20FD200A002A1257 /* Build configuration list for PBXNativeTarget "CGShop" */ = {
			isa = XCConfigurationList;
			buildConfigurations = (
				04BDAB3B20FD200A002A1257 /* Debug */,
				04BDAB3C20FD200A002A1257 /* Release */,
			);
			defaultConfigurationIsVisible = 0;
			defaultConfigurationName = Release;
		};
		04BDAB3D20FD200A002A1257 /* Build configuration list for PBXNativeTarget "CGShopTests" */ = {
			isa = XCConfigurationList;
			buildConfigurations = (
				04BDAB3E20FD200A002A1257 /* Debug */,
				04BDAB3F20FD200A002A1257 /* Release */,
			);
			defaultConfigurationIsVisible = 0;
			defaultConfigurationName = Release;
		};
		04BDAB4020FD200A002A1257 /* Build configuration list for PBXNativeTarget "CGShopUITests" */ = {
			isa = XCConfigurationList;
			buildConfigurations = (
				04BDAB4120FD200A002A1257 /* Debug */,
				04BDAB4220FD200A002A1257 /* Release */,
			);
			defaultConfigurationIsVisible = 0;
			defaultConfigurationName = Release;
		};
/* End XCConfigurationList section */
	};
	rootObject = 04BDAB0620FD2007002A1257 /* Project object */;
}
